
Microsoft Visual Studio Solution File, Format Version 12.00
# Visual Studio Version 17
VisualStudioVersion = 17.10.35004.147
MinimumVisualStudioVersion = 10.0.40219.1
Project("{9A19103F-16F7-4668-BE54-9A1E7A4F7556}") = "ICDE.Web", "ICDE.Web\ICDE.Web.csproj", "{8056A896-51B9-4F2F-9E0C-9DE11E07D8BB}"
EndProject
Project("{9A19103F-16F7-4668-BE54-9A1E7A4F7556}") = "ICDE.Lib", "ICDE.Lib\ICDE.Lib.csproj", "{71BF2456-0D7E-4C13-B55F-B7BADEA35C47}"
EndProject
Project("{9A19103F-16F7-4668-BE54-9A1E7A4F7556}") = "ICDE.Data", "ICDE.Data\ICDE.Data.csproj", "{1B5649BB-C9C7-4E10-8531-A9E4491E2B25}"
EndProject
Project("{2150E333-8FDC-42A3-9474-1A3956D46DE8}") = "src", "src", "{E4708B47-56D5-4693-801D-0C1144383D92}"
EndProject
Project("{2150E333-8FDC-42A3-9474-1A3956D46DE8}") = "tests", "tests", "{4F47BB6F-B90A-4953-BD08-7B9CA10E636A}"
EndProject
Project("{9A19103F-16F7-4668-BE54-9A1E7A4F7556}") = "ICDE.UnitTests", "ICDE.UnitTests\ICDE.UnitTests.csproj", "{B47E6086-385A-4EB3-9D0B-B11FB4BD3CB2}"
EndProject
Project("{9A19103F-16F7-4668-BE54-9A1E7A4F7556}") = "ICDE.IntegrationTests", "ICDE.IntegrationTests\ICDE.IntegrationTests.csproj", "{73F19C07-6BF5-42D1-A607-E9FCD8667EAB}"
EndProject
Global
	GlobalSection(SolutionConfigurationPlatforms) = preSolution
		Debug|Any CPU = Debug|Any CPU
		Release|Any CPU = Release|Any CPU
	EndGlobalSection
	GlobalSection(ProjectConfigurationPlatforms) = postSolution
		{8056A896-51B9-4F2F-9E0C-9DE11E07D8BB}.Debug|Any CPU.ActiveCfg = Debug|Any CPU
		{8056A896-51B9-4F2F-9E0C-9DE11E07D8BB}.Debug|Any CPU.Build.0 = Debug|Any CPU
		{8056A896-51B9-4F2F-9E0C-9DE11E07D8BB}.Release|Any CPU.ActiveCfg = Release|Any CPU
		{8056A896-51B9-4F2F-9E0C-9DE11E07D8BB}.Release|Any CPU.Build.0 = Release|Any CPU
		{71BF2456-0D7E-4C13-B55F-B7BADEA35C47}.Debug|Any CPU.ActiveCfg = Debug|Any CPU
		{71BF2456-0D7E-4C13-B55F-B7BADEA35C47}.Debug|Any CPU.Build.0 = Debug|Any CPU
		{71BF2456-0D7E-4C13-B55F-B7BADEA35C47}.Release|Any CPU.ActiveCfg = Release|Any CPU
		{71BF2456-0D7E-4C13-B55F-B7BADEA35C47}.Release|Any CPU.Build.0 = Release|Any CPU
		{1B5649BB-C9C7-4E10-8531-A9E4491E2B25}.Debug|Any CPU.ActiveCfg = Debug|Any CPU
		{1B5649BB-C9C7-4E10-8531-A9E4491E2B25}.Debug|Any CPU.Build.0 = Debug|Any CPU
		{1B5649BB-C9C7-4E10-8531-A9E4491E2B25}.Release|Any CPU.ActiveCfg = Release|Any CPU
		{1B5649BB-C9C7-4E10-8531-A9E4491E2B25}.Release|Any CPU.Build.0 = Release|Any CPU
		{B47E6086-385A-4EB3-9D0B-B11FB4BD3CB2}.Debug|Any CPU.ActiveCfg = Debug|Any CPU
		{B47E6086-385A-4EB3-9D0B-B11FB4BD3CB2}.Debug|Any CPU.Build.0 = Debug|Any CPU
		{B47E6086-385A-4EB3-9D0B-B11FB4BD3CB2}.Release|Any CPU.ActiveCfg = Release|Any CPU
		{B47E6086-385A-4EB3-9D0B-B11FB4BD3CB2}.Release|Any CPU.Build.0 = Release|Any CPU
		{73F19C07-6BF5-42D1-A607-E9FCD8667EAB}.Debug|Any CPU.ActiveCfg = Debug|Any CPU
		{73F19C07-6BF5-42D1-A607-E9FCD8667EAB}.Debug|Any CPU.Build.0 = Debug|Any CPU
		{73F19C07-6BF5-42D1-A607-E9FCD8667EAB}.Release|Any CPU.ActiveCfg = Release|Any CPU
		{73F19C07-6BF5-42D1-A607-E9FCD8667EAB}.Release|Any CPU.Build.0 = Release|Any CPU
	EndGlobalSection
	GlobalSection(SolutionProperties) = preSolution
		HideSolutionNode = FALSE
	EndGlobalSection
	GlobalSection(NestedProjects) = preSolution
		{8056A896-51B9-4F2F-9E0C-9DE11E07D8BB} = {E4708B47-56D5-4693-801D-0C1144383D92}
		{71BF2456-0D7E-4C13-B55F-B7BADEA35C47} = {E4708B47-56D5-4693-801D-0C1144383D92}
		{1B5649BB-C9C7-4E10-8531-A9E4491E2B25} = {E4708B47-56D5-4693-801D-0C1144383D92}
		{B47E6086-385A-4EB3-9D0B-B11FB4BD3CB2} = {4F47BB6F-B90A-4953-BD08-7B9CA10E636A}
		{73F19C07-6BF5-42D1-A607-E9FCD8667EAB} = {4F47BB6F-B90A-4953-BD08-7B9CA10E636A}
	EndGlobalSection
	GlobalSection(ExtensibilityGlobals) = postSolution
		SolutionGuid = {DACD8439-C507-40B2-A49F-18D6121F790C}
	EndGlobalSection
EndGlobal
